
Microsoft Visual Studio Solution File, Format Version 12.00
# Visual Studio Version 16
VisualStudioVersion = 16.0.29911.84
MinimumVisualStudioVersion = 10.0.40219.1
Project("{FAE04EC0-301F-11D3-BF4B-00C04F79EFBC}") = "Assig5", "Assig5\Assig5.csproj", "{ED8623C2-B54C-42BB-B358-8124EA0846B9}"
EndProject
Global
	GlobalSection(SolutionConfigurationPlatforms) = preSolution
		Debug|Any CPU = Debug|Any CPU
		Release|Any CPU = Release|Any CPU
	EndGlobalSection
	GlobalSection(ProjectConfigurationPlatforms) = postSolution
		{ED8623C2-B54C-42BB-B358-8124EA0846B9}.Debug|Any CPU.ActiveCfg = Debug|Any CPU
		{ED8623C2-B54C-42BB-B358-8124EA0846B9}.Debug|Any CPU.Build.0 = Debug|Any CPU
		{ED8623C2-B54C-42BB-B358-8124EA0846B9}.Release|Any CPU.ActiveCfg = Release|Any CPU
		{ED8623C2-B54C-42BB-B358-8124EA0846B9}.Release|Any CPU.Build.0 = Release|Any CPU
	EndGlobalSection
	GlobalSection(SolutionProperties) = preSolution
		HideSolutionNode = FALSE
	EndGlobalSection
	GlobalSection(ExtensibilityGlobals) = postSolution
		SolutionGuid = {06501DC7-640D-4E8A-9A99-7E4164597871}
	EndGlobalSection
EndGlobal
